
Microsoft Visual Studio Solution File, Format Version 12.00
# Visual Studio Version 16
VisualStudioVersion = 16.0.30717.126
MinimumVisualStudioVersion = 10.0.40219.1
Project("{888888A0-9F3D-457C-B088-3A5042F75D52}") = "SpaceWebsite", "SpaceWebsite\SpaceWebsite.pyproj", "{3CC16B97-E239-4E63-B87B-C729AF50B06C}"
EndProject
Global
	GlobalSection(SolutionConfigurationPlatforms) = preSolution
		Debug|Any CPU = Debug|Any CPU
		Release|Any CPU = Release|Any CPU
	EndGlobalSection
	GlobalSection(ProjectConfigurationPlatforms) = postSolution
		{3CC16B97-E239-4E63-B87B-C729AF50B06C}.Debug|Any CPU.ActiveCfg = Debug|Any CPU
		{3CC16B97-E239-4E63-B87B-C729AF50B06C}.Debug|Any CPU.Build.0 = Debug|Any CPU
		{3CC16B97-E239-4E63-B87B-C729AF50B06C}.Release|Any CPU.ActiveCfg = Release|Any CPU
		{3CC16B97-E239-4E63-B87B-C729AF50B06C}.Release|Any CPU.Build.0 = Release|Any CPU
	EndGlobalSection
	GlobalSection(SolutionProperties) = preSolution
		HideSolutionNode = FALSE
	EndGlobalSection
	GlobalSection(ExtensibilityGlobals) = postSolution
		SolutionGuid = {664257D1-A427-4D4C-B48B-673C7C11DADE}
	EndGlobalSection
EndGlobal
